
Microsoft Visual Studio Solution File, Format Version 12.00
# Visual Studio 15
VisualStudioVersion = 15.0.27703.2035
MinimumVisualStudioVersion = 10.0.40219.1
Project("{159641D6-6404-4A2A-AE62-294DE0FE8301}") = "VenaBatchRun", "VenaBatchRun\VenaBatchRun.dtproj", "{40CFEEA6-BB3F-44AE-BF47-87064F66BB44}"
EndProject
Global
	GlobalSection(SolutionConfigurationPlatforms) = preSolution
		Development|Default = Development|Default
	EndGlobalSection
	GlobalSection(ProjectConfigurationPlatforms) = postSolution
		{40CFEEA6-BB3F-44AE-BF47-87064F66BB44}.Development|Default.ActiveCfg = Development
		{40CFEEA6-BB3F-44AE-BF47-87064F66BB44}.Development|Default.Build.0 = Development
	EndGlobalSection
	GlobalSection(SolutionProperties) = preSolution
		HideSolutionNode = FALSE
	EndGlobalSection
	GlobalSection(ExtensibilityGlobals) = postSolution
		SolutionGuid = {D0C88AF2-0A3A-44B5-A609-C0D7CACFA2BD}
	EndGlobalSection
EndGlobal
